<Solution>
  <Folder Name="/00_sdk/">
    <Project Path="00_sdk/ResponsesSample.csproj" />
  </Folder>
  <Folder Name="/01_meai/">
    <Project Path="01_meai/ChatSample.csproj" />
  </Folder>
  <Folder Name="/02_agent/">
    <Project Path="02_agent/BasicAgent.csproj" />
  </Folder>
  <Folder Name="/03_mcp/">
    <Project Path="03_mcp/AgentWithMCPTool.csproj" />
  </Folder>
  <Folder Name="/04_websearch/">
    <Project Path="04_websearch/AgentWithWebSearch.csproj" />
  </Folder>
  <Folder Name="/05_rag/">
    <Project Path="05_rag/AgentRAG.csproj" />
  </Folder>
  <Folder Name="/06_memory/">
    <Project Path="06_memory/AgentMemory.csproj" />
  </Folder>
  <Folder Name="/07_skills/">
    <Project Path="07_skills/AgentSkills.csproj" />
  </Folder>
  <Folder Name="/08_otel/">
    <Project Path="08_otel/AgentOtel.csproj" />
  </Folder>
  <Folder Name="/09_host/">
    <Project Path="09_host/AgentHost.csproj" />
  </Folder>
</Solution>
